// !$*UTF8*$!
{
	archiveVersion = 1;
	classes = {
	};
	objectVersion = 46;
	objects = {

/* Begin PBXBuildFile section */
		33D34B87F7E8E7C11109F6CD /* Pods_polln.framework in Frameworks */ = {isa = PBXBuildFile; fileRef = EC1633BB579DEE173A510137 /* Pods_polln.framework */; settings = {ATTRIBUTES = (Weak, ); }; };
		53D0D3B71B3C89D0007A47BB /* main.m in Sources */ = {isa = PBXBuildFile; fileRef = 53D0D3B61B3C89D0007A47BB /* main.m */; };
		53D0D3BA1B3C89D0007A47BB /* AppDelegate.m in Sources */ = {isa = PBXBuildFile; fileRef = 53D0D3B91B3C89D0007A47BB /* AppDelegate.m */; };
		53D0D3BD1B3C89D0007A47BB /* polln.xcdatamodeld in Sources */ = {isa = PBXBuildFile; fileRef = 53D0D3BB1B3C89D0007A47BB /* polln.xcdatamodeld */; };
		53D0D3C01B3C89D0007A47BB /* ViewController.m in Sources */ = {isa = PBXBuildFile; fileRef = 53D0D3BF1B3C89D0007A47BB /* ViewController.m */; };
		53D0D3C31B3C89D0007A47BB /* Main.storyboard in Resources */ = {isa = PBXBuildFile; fileRef = 53D0D3C11B3C89D0007A47BB /* Main.storyboard */; };
		53D0D3C51B3C89D0007A47BB /* Images.xcassets in Resources */ = {isa = PBXBuildFile; fileRef = 53D0D3C41B3C89D0007A47BB /* Images.xcassets */; };
		53D0D3C81B3C89D0007A47BB /* LaunchScreen.xib in Resources */ = {isa = PBXBuildFile; fileRef = 53D0D3C61B3C89D0007A47BB /* LaunchScreen.xib */; };
		53D0D3D41B3C89D0007A47BB /* pollnTests.m in Sources */ = {isa = PBXBuildFile; fileRef = 53D0D3D31B3C89D0007A47BB /* pollnTests.m */; };
		53D0D3DF1B3C8B8A007A47BB /* pollen.png in Resources */ = {isa = PBXBuildFile; fileRef = 53D0D3DD1B3C8B8A007A47BB /* pollen.png */; };
		53D0D3E01B3C8B8A007A47BB /* pollen@2x.png in Resources */ = {isa = PBXBuildFile; fileRef = 53D0D3DE1B3C8B8A007A47BB /* pollen@2x.png */; };
		53D0D3E31B3C8C4B007A47BB /* BokehMyParticle.sks in Resources */ = {isa = PBXBuildFile; fileRef = 53D0D3E11B3C8C4B007A47BB /* BokehMyParticle.sks */; };
		53D0D3E61B3C8C63007A47BB /* spark.png in Resources */ = {isa = PBXBuildFile; fileRef = 53D0D3E51B3C8C63007A47BB /* spark.png */; };
		53D0D3E91B3C8E0A007A47BB /* ParticleScene.m in Sources */ = {isa = PBXBuildFile; fileRef = 53D0D3E81B3C8E0A007A47BB /* ParticleScene.m */; };
		53D0D3EE1B3CA6DA007A47BB /* PollenCount.m in Sources */ = {isa = PBXBuildFile; fileRef = 53D0D3ED1B3CA6DA007A47BB /* PollenCount.m */; };
		53D0D3F51B3CB4DA007A47BB /* MobileCoreServices.framework in Frameworks */ = {isa = PBXBuildFile; fileRef = 53D0D3F41B3CB4DA007A47BB /* MobileCoreServices.framework */; };
		53D0D3F61B3CB58F007A47BB /* CoreLocation.framework in Frameworks */ = {isa = PBXBuildFile; fileRef = 53D0D3F21B3CB49F007A47BB /* CoreLocation.framework */; };
/* End PBXBuildFile section */

/* Begin PBXContainerItemProxy section */
		53D0D3CE1B3C89D0007A47BB /* PBXContainerItemProxy */ = {
			isa = PBXContainerItemProxy;
			containerPortal = 53D0D3A91B3C89D0007A47BB /* Project object */;
			proxyType = 1;
			remoteGlobalIDString = 53D0D3B01B3C89D0007A47BB;
			remoteInfo = polln;
		};
/* End PBXContainerItemProxy section */

/* Begin PBXFileReference section */
		31E0A22A269CBBBE5F2DAC59 /* Pods-polln.release.xcconfig */ = {isa = PBXFileReference; includeInIndex = 1; lastKnownFileType = text.xcconfig; name = "Pods-polln.release.xcconfig"; path = "Pods/Target Support Files/Pods-polln/Pods-polln.release.xcconfig"; sourceTree = "<group>"; };
		53D0D3B11B3C89D0007A47BB /* polln.app */ = {isa = PBXFileReference; explicitFileType = wrapper.application; includeInIndex = 0; path = polln.app; sourceTree = BUILT_PRODUCTS_DIR; };
		53D0D3B51B3C89D0007A47BB /* Info.plist */ = {isa = PBXFileReference; lastKnownFileType = text.plist.xml; path = Info.plist; sourceTree = "<group>"; };
		53D0D3B61B3C89D0007A47BB /* main.m */ = {isa = PBXFileReference; lastKnownFileType = sourcecode.c.objc; path = main.m; sourceTree = "<group>"; };
		53D0D3B81B3C89D0007A47BB /* AppDelegate.h */ = {isa = PBXFileReference; lastKnownFileType = sourcecode.c.h; path = AppDelegate.h; sourceTree = "<group>"; };
		53D0D3B91B3C89D0007A47BB /* AppDelegate.m */ = {isa = PBXFileReference; lastKnownFileType = sourcecode.c.objc; path = AppDelegate.m; sourceTree = "<group>"; };
		53D0D3BC1B3C89D0007A47BB /* polln.xcdatamodel */ = {isa = PBXFileReference; lastKnownFileType = wrapper.xcdatamodel; path = polln.xcdatamodel; sourceTree = "<group>"; };
		53D0D3BE1B3C89D0007A47BB /* ViewController.h */ = {isa = PBXFileReference; lastKnownFileType = sourcecode.c.h; path = ViewController.h; sourceTree = "<group>"; };
		53D0D3BF1B3C89D0007A47BB /* ViewController.m */ = {isa = PBXFileReference; lastKnownFileType = sourcecode.c.objc; path = ViewController.m; sourceTree = "<group>"; };
		53D0D3C21B3C89D0007A47BB /* Base */ = {isa = PBXFileReference; lastKnownFileType = file.storyboard; name = Base; path = Base.lproj/Main.storyboard; sourceTree = "<group>"; };
		53D0D3C41B3C89D0007A47BB /* Images.xcassets */ = {isa = PBXFileReference; lastKnownFileType = folder.assetcatalog; path = Images.xcassets; sourceTree = "<group>"; };
		53D0D3C71B3C89D0007A47BB /* Base */ = {isa = PBXFileReference; lastKnownFileType = file.xib; name = Base; path = Base.lproj/LaunchScreen.xib; sourceTree = "<group>"; };
		53D0D3CD1B3C89D0007A47BB /* pollnTests.xctest */ = {isa = PBXFileReference; explicitFileType = wrapper.cfbundle; includeInIndex = 0; path = pollnTests.xctest; sourceTree = BUILT_PRODUCTS_DIR; };
		53D0D3D21B3C89D0007A47BB /* Info.plist */ = {isa = PBXFileReference; lastKnownFileType = text.plist.xml; path = Info.plist; sourceTree = "<group>"; };
		53D0D3D31B3C89D0007A47BB /* pollnTests.m */ = {isa = PBXFileReference; lastKnownFileType = sourcecode.c.objc; path = pollnTests.m; sourceTree = "<group>"; };
		53D0D3DD1B3C8B8A007A47BB /* pollen.png */ = {isa = PBXFileReference; lastKnownFileType = image.png; path = pollen.png; sourceTree = "<group>"; };
		53D0D3DE1B3C8B8A007A47BB /* pollen@2x.png */ = {isa = PBXFileReference; lastKnownFileType = image.png; path = "pollen@2x.png"; sourceTree = "<group>"; };
		53D0D3E11B3C8C4B007A47BB /* BokehMyParticle.sks */ = {isa = PBXFileReference; lastKnownFileType = file.sks; path = BokehMyParticle.sks; sourceTree = "<group>"; };
		53D0D3E51B3C8C63007A47BB /* spark.png */ = {isa = PBXFileReference; lastKnownFileType = image.png; path = spark.png; sourceTree = "<group>"; };
		53D0D3E71B3C8E0A007A47BB /* ParticleScene.h */ = {isa = PBXFileReference; fileEncoding = 4; lastKnownFileType = sourcecode.c.h; path = ParticleScene.h; sourceTree = "<group>"; };
		53D0D3E81B3C8E0A007A47BB /* ParticleScene.m */ = {isa = PBXFileReference; fileEncoding = 4; lastKnownFileType = sourcecode.c.objc; path = ParticleScene.m; sourceTree = "<group>"; };
		53D0D3EA1B3C9AC0007A47BB /* MapKit.framework */ = {isa = PBXFileReference; lastKnownFileType = wrapper.framework; name = MapKit.framework; path = System/Library/Frameworks/MapKit.framework; sourceTree = SDKROOT; };
		53D0D3EC1B3CA6DA007A47BB /* PollenCount.h */ = {isa = PBXFileReference; fileEncoding = 4; lastKnownFileType = sourcecode.c.h; path = PollenCount.h; sourceTree = "<group>"; };
		53D0D3ED1B3CA6DA007A47BB /* PollenCount.m */ = {isa = PBXFileReference; fileEncoding = 4; lastKnownFileType = sourcecode.c.objc; path = PollenCount.m; sourceTree = "<group>"; };
		53D0D3F21B3CB49F007A47BB /* CoreLocation.framework */ = {isa = PBXFileReference; lastKnownFileType = wrapper.framework; name = CoreLocation.framework; path = System/Library/Frameworks/CoreLocation.framework; sourceTree = SDKROOT; };
		53D0D3F41B3CB4DA007A47BB /* MobileCoreServices.framework */ = {isa = PBXFileReference; lastKnownFileType = wrapper.framework; name = MobileCoreServices.framework; path = System/Library/Frameworks/MobileCoreServices.framework; sourceTree = SDKROOT; };
		DAB812381C6C30D932848A30 /* Pods-polln.debug.xcconfig */ = {isa = PBXFileReference; includeInIndex = 1; lastKnownFileType = text.xcconfig; name = "Pods-polln.debug.xcconfig"; path = "Pods/Target Support Files/Pods-polln/Pods-polln.debug.xcconfig"; sourceTree = "<group>"; };
		EC1633BB579DEE173A510137 /* Pods_polln.framework */ = {isa = PBXFileReference; explicitFileType = wrapper.framework; includeInIndex = 0; path = Pods_polln.framework; sourceTree = BUILT_PRODUCTS_DIR; };
/* End PBXFileReference section */

/* Begin PBXFrameworksBuildPhase section */
		53D0D3AE1B3C89D0007A47BB /* Frameworks */ = {
			isa = PBXFrameworksBuildPhase;
			buildActionMask = 2147483647;
			files = (
				53D0D3F61B3CB58F007A47BB /* CoreLocation.framework in Frameworks */,
				53D0D3F51B3CB4DA007A47BB /* MobileCoreServices.framework in Frameworks */,
				33D34B87F7E8E7C11109F6CD /* Pods_polln.framework in Frameworks */,
			);
			runOnlyForDeploymentPostprocessing = 0;
		};
		53D0D3CA1B3C89D0007A47BB /* Frameworks */ = {
			isa = PBXFrameworksBuildPhase;
			buildActionMask = 2147483647;
			files = (
			);
			runOnlyForDeploymentPostprocessing = 0;
		};
/* End PBXFrameworksBuildPhase section */

/* Begin PBXGroup section */
		53D0D3A81B3C89D0007A47BB = {
			isa = PBXGroup;
			children = (
				53D0D3B31B3C89D0007A47BB /* polln */,
				53D0D3D01B3C89D0007A47BB /* pollnTests */,
				53D0D3B21B3C89D0007A47BB /* Products */,
				849F7004D6B16CBF4AFA6D49 /* Pods */,
				B30914D8A33EDD2D3BF5C820 /* Frameworks */,
			);
			sourceTree = "<group>";
		};
		53D0D3B21B3C89D0007A47BB /* Products */ = {
			isa = PBXGroup;
			children = (
				53D0D3B11B3C89D0007A47BB /* polln.app */,
				53D0D3CD1B3C89D0007A47BB /* pollnTests.xctest */,
			);
			name = Products;
			sourceTree = "<group>";
		};
		53D0D3B31B3C89D0007A47BB /* polln */ = {
			isa = PBXGroup;
			children = (
				53D0D3F11B3CA714007A47BB /* views */,
				53D0D3F01B3CA6EE007A47BB /* controllers */,
				53D0D3EF1B3CA6E1007A47BB /* models */,
				53D0D3C41B3C89D0007A47BB /* Images.xcassets */,
				53D0D3B41B3C89D0007A47BB /* Supporting Files */,
			);
			path = polln;
			sourceTree = "<group>";
		};
		53D0D3B41B3C89D0007A47BB /* Supporting Files */ = {
			isa = PBXGroup;
			children = (
				53D0D3E51B3C8C63007A47BB /* spark.png */,
				53D0D3DD1B3C8B8A007A47BB /* pollen.png */,
				53D0D3DE1B3C8B8A007A47BB /* pollen@2x.png */,
				53D0D3B51B3C89D0007A47BB /* Info.plist */,
				53D0D3B61B3C89D0007A47BB /* main.m */,
			);
			name = "Supporting Files";
			sourceTree = "<group>";
		};
		53D0D3D01B3C89D0007A47BB /* pollnTests */ = {
			isa = PBXGroup;
			children = (
				53D0D3D31B3C89D0007A47BB /* pollnTests.m */,
				53D0D3D11B3C89D0007A47BB /* Supporting Files */,
			);
			path = pollnTests;
			sourceTree = "<group>";
		};
		53D0D3D11B3C89D0007A47BB /* Supporting Files */ = {
			isa = PBXGroup;
			children = (
				53D0D3D21B3C89D0007A47BB /* Info.plist */,
			);
			name = "Supporting Files";
			sourceTree = "<group>";
		};
		53D0D3EF1B3CA6E1007A47BB /* models */ = {
			isa = PBXGroup;
			children = (
				53D0D3BB1B3C89D0007A47BB /* polln.xcdatamodeld */,
				53D0D3E71B3C8E0A007A47BB /* ParticleScene.h */,
				53D0D3E81B3C8E0A007A47BB /* ParticleScene.m */,
				53D0D3EC1B3CA6DA007A47BB /* PollenCount.h */,
				53D0D3ED1B3CA6DA007A47BB /* PollenCount.m */,
			);
			name = models;
			sourceTree = "<group>";
		};
		53D0D3F01B3CA6EE007A47BB /* controllers */ = {
			isa = PBXGroup;
			children = (
				53D0D3B81B3C89D0007A47BB /* AppDelegate.h */,
				53D0D3B91B3C89D0007A47BB /* AppDelegate.m */,
				53D0D3BE1B3C89D0007A47BB /* ViewController.h */,
				53D0D3BF1B3C89D0007A47BB /* ViewController.m */,
			);
			name = controllers;
			sourceTree = "<group>";
		};
		53D0D3F11B3CA714007A47BB /* views */ = {
			isa = PBXGroup;
			children = (
				53D0D3C11B3C89D0007A47BB /* Main.storyboard */,
				53D0D3E11B3C8C4B007A47BB /* BokehMyParticle.sks */,
				53D0D3C61B3C89D0007A47BB /* LaunchScreen.xib */,
			);
			name = views;
			sourceTree = "<group>";
		};
		849F7004D6B16CBF4AFA6D49 /* Pods */ = {
			isa = PBXGroup;
			children = (
				DAB812381C6C30D932848A30 /* Pods-polln.debug.xcconfig */,
				31E0A22A269CBBBE5F2DAC59 /* Pods-polln.release.xcconfig */,
			);
			name = Pods;
			sourceTree = "<group>";
		};
		B30914D8A33EDD2D3BF5C820 /* Frameworks */ = {
			isa = PBXGroup;
			children = (
				53D0D3F41B3CB4DA007A47BB /* MobileCoreServices.framework */,
				53D0D3F21B3CB49F007A47BB /* CoreLocation.framework */,
				53D0D3EA1B3C9AC0007A47BB /* MapKit.framework */,
				EC1633BB579DEE173A510137 /* Pods_polln.framework */,
			);
			name = Frameworks;
			sourceTree = "<group>";
		};
/* End PBXGroup section */

/* Begin PBXNativeTarget section */
		53D0D3B01B3C89D0007A47BB /* polln */ = {
			isa = PBXNativeTarget;
			buildConfigurationList = 53D0D3D71B3C89D0007A47BB /* Build configuration list for PBXNativeTarget "polln" */;
			buildPhases = (
				46D270534D5471746949D7B2 /* Check Pods Manifest.lock */,
				53D0D3AD1B3C89D0007A47BB /* Sources */,
				53D0D3AE1B3C89D0007A47BB /* Frameworks */,
				53D0D3AF1B3C89D0007A47BB /* Resources */,
				89F6DBC2EC104E5CF92E1364 /* Embed Pods Frameworks */,
				5312E16CC7B17A97D46443F9 /* Copy Pods Resources */,
			);
			buildRules = (
			);
			dependencies = (
			);
			name = polln;
			productName = polln;
			productReference = 53D0D3B11B3C89D0007A47BB /* polln.app */;
			productType = "com.apple.product-type.application";
		};
		53D0D3CC1B3C89D0007A47BB /* pollnTests */ = {
			isa = PBXNativeTarget;
			buildConfigurationList = 53D0D3DA1B3C89D0007A47BB /* Build configuration list for PBXNativeTarget "pollnTests" */;
			buildPhases = (
				53D0D3C91B3C89D0007A47BB /* Sources */,
				53D0D3CA1B3C89D0007A47BB /* Frameworks */,
				53D0D3CB1B3C89D0007A47BB /* Resources */,
			);
			buildRules = (
			);
			dependencies = (
				53D0D3CF1B3C89D0007A47BB /* PBXTargetDependency */,
			);
			name = pollnTests;
			productName = pollnTests;
			productReference = 53D0D3CD1B3C89D0007A47BB /* pollnTests.xctest */;
			productType = "com.apple.product-type.bundle.unit-test";
		};
/* End PBXNativeTarget section */

/* Begin PBXProject section */
		53D0D3A91B3C89D0007A47BB /* Project object */ = {
			isa = PBXProject;
			attributes = {
				LastUpgradeCheck = 0630;
				ORGANIZATIONNAME = "Giv Parvaneh";
				TargetAttributes = {
					53D0D3B01B3C89D0007A47BB = {
						CreatedOnToolsVersion = 6.3.1;
					};
					53D0D3CC1B3C89D0007A47BB = {
						CreatedOnToolsVersion = 6.3.1;
						TestTargetID = 53D0D3B01B3C89D0007A47BB;
					};
				};
			};
			buildConfigurationList = 53D0D3AC1B3C89D0007A47BB /* Build configuration list for PBXProject "polln" */;
			compatibilityVersion = "Xcode 3.2";
			developmentRegion = English;
			hasScannedForEncodings = 0;
			knownRegions = (
				en,
				Base,
			);
			mainGroup = 53D0D3A81B3C89D0007A47BB;
			productRefGroup = 53D0D3B21B3C89D0007A47BB /* Products */;
			projectDirPath = "";
			projectRoot = "";
			targets = (
				53D0D3B01B3C89D0007A47BB /* polln */,
				53D0D3CC1B3C89D0007A47BB /* pollnTests */,
			);
		};
/* End PBXProject section */

/* Begin PBXResourcesBuildPhase section */
		53D0D3AF1B3C89D0007A47BB /* Resources */ = {
			isa = PBXResourcesBuildPhase;
			buildActionMask = 2147483647;
			files = (
				53D0D3C31B3C89D0007A47BB /* Main.storyboard in Resources */,
				53D0D3C81B3C89D0007A47BB /* LaunchScreen.xib in Resources */,
				53D0D3E01B3C8B8A007A47BB /* pollen@2x.png in Resources */,
				53D0D3E31B3C8C4B007A47BB /* BokehMyParticle.sks in Resources */,
				53D0D3E61B3C8C63007A47BB /* spark.png in Resources */,
				53D0D3C51B3C89D0007A47BB /* Images.xcassets in Resources */,
				53D0D3DF1B3C8B8A007A47BB /* pollen.png in Resources */,
			);
			runOnlyForDeploymentPostprocessing = 0;
		};
		53D0D3CB1B3C89D0007A47BB /* Resources */ = {
			isa = PBXResourcesBuildPhase;
			buildActionMask = 2147483647;
			files = (
			);
			runOnlyForDeploymentPostprocessing = 0;
		};
/* End PBXResourcesBuildPhase section */

/* Begin PBXShellScriptBuildPhase section */
		46D270534D5471746949D7B2 /* Check Pods Manifest.lock */ = {
			isa = PBXShellScriptBuildPhase;
			buildActionMask = 2147483647;
			files = (
			);
			inputPaths = (
			);
			name = "Check Pods Manifest.lock";
			outputPaths = (
			);
			runOnlyForDeploymentPostprocessing = 0;
			shellPath = /bin/sh;
			shellScript = "diff \"${PODS_ROOT}/../Podfile.lock\" \"${PODS_ROOT}/Manifest.lock\" > /dev/null\nif [[ $? != 0 ]] ; then\n    cat << EOM\nerror: The sandbox is not in sync with the Podfile.lock. Run 'pod install' or update your CocoaPods installation.\nEOM\n    exit 1\nfi\n";
			showEnvVarsInLog = 0;
		};
		5312E16CC7B17A97D46443F9 /* Copy Pods Resources */ = {
			isa = PBXShellScriptBuildPhase;
			buildActionMask = 2147483647;
			files = (
			);
			inputPaths = (
			);
			name = "Copy Pods Resources";
			outputPaths = (
			);
			runOnlyForDeploymentPostprocessing = 0;
			shellPath = /bin/sh;
			shellScript = "\"${SRCROOT}/Pods/Target Support Files/Pods-polln/Pods-polln-resources.sh\"\n";
			showEnvVarsInLog = 0;
		};
		89F6DBC2EC104E5CF92E1364 /* Embed Pods Frameworks */ = {
			isa = PBXShellScriptBuildPhase;
			buildActionMask = 2147483647;
			files = (
			);
			inputPaths = (
			);
			name = "Embed Pods Frameworks";
			outputPaths = (
			);
			runOnlyForDeploymentPostprocessing = 0;
			shellPath = /bin/sh;
			shellScript = "\"${SRCROOT}/Pods/Target Support Files/Pods-polln/Pods-polln-frameworks.sh\"\n";
			showEnvVarsInLog = 0;
		};
/* End PBXShellScriptBuildPhase section */

/* Begin PBXSourcesBuildPhase section */
		53D0D3AD1B3C89D0007A47BB /* Sources */ = {
			isa = PBXSourcesBuildPhase;
			buildActionMask = 2147483647;
			files = (
				53D0D3BD1B3C89D0007A47BB /* polln.xcdatamodeld in Sources */,
				53D0D3BA1B3C89D0007A47BB /* AppDelegate.m in Sources */,
				53D0D3C01B3C89D0007A47BB /* ViewController.m in Sources */,
				53D0D3EE1B3CA6DA007A47BB /* PollenCount.m in Sources */,
				53D0D3E91B3C8E0A007A47BB /* ParticleScene.m in Sources */,
				53D0D3B71B3C89D0007A47BB /* main.m in Sources */,
			);
			runOnlyForDeploymentPostprocessing = 0;
		};
		53D0D3C91B3C89D0007A47BB /* Sources */ = {
			isa = PBXSourcesBuildPhase;
			buildActionMask = 2147483647;
			files = (
				53D0D3D41B3C89D0007A47BB /* pollnTests.m in Sources */,
			);
			runOnlyForDeploymentPostprocessing = 0;
		};
/* End PBXSourcesBuildPhase section */

/* Begin PBXTargetDependency section */
		53D0D3CF1B3C89D0007A47BB /* PBXTargetDependency */ = {
			isa = PBXTargetDependency;
			target = 53D0D3B01B3C89D0007A47BB /* polln */;
			targetProxy = 53D0D3CE1B3C89D0007A47BB /* PBXContainerItemProxy */;
		};
/* End PBXTargetDependency section */

/* Begin PBXVariantGroup section */
		53D0D3C11B3C89D0007A47BB /* Main.storyboard */ = {
			isa = PBXVariantGroup;
			children = (
				53D0D3C21B3C89D0007A47BB /* Base */,
			);
			name = Main.storyboard;
			sourceTree = "<group>";
		};
		53D0D3C61B3C89D0007A47BB /* LaunchScreen.xib */ = {
			isa = PBXVariantGroup;
			children = (
				53D0D3C71B3C89D0007A47BB /* Base */,
			);
			name = LaunchScreen.xib;
			sourceTree = "<group>";
		};
/* End PBXVariantGroup section */

/* Begin XCBuildConfiguration section */
		53D0D3D51B3C89D0007A47BB /* Debug */ = {
			isa = XCBuildConfiguration;
			buildSettings = {
				ALWAYS_SEARCH_USER_PATHS = NO;
				CLANG_CXX_LANGUAGE_STANDARD = "gnu++0x";
				CLANG_CXX_LIBRARY = "libc++";
				CLANG_ENABLE_MODULES = YES;
				CLANG_ENABLE_OBJC_ARC = YES;
				CLANG_WARN_BOOL_CONVERSION = YES;
				CLANG_WARN_CONSTANT_CONVERSION = YES;
				CLANG_WARN_DIRECT_OBJC_ISA_USAGE = YES_ERROR;
				CLANG_WARN_EMPTY_BODY = YES;
				CLANG_WARN_ENUM_CONVERSION = YES;
				CLANG_WARN_INT_CONVERSION = YES;
				CLANG_WARN_OBJC_ROOT_CLASS = YES_ERROR;
				CLANG_WARN_UNREACHABLE_CODE = YES;
				CLANG_WARN__DUPLICATE_METHOD_MATCH = YES;
				"CODE_SIGN_IDENTITY[sdk=iphoneos*]" = "iPhone Developer";
				COPY_PHASE_STRIP = NO;
				DEBUG_INFORMATION_FORMAT = "dwarf-with-dsym";
				ENABLE_STRICT_OBJC_MSGSEND = YES;
				GCC_C_LANGUAGE_STANDARD = gnu99;
				GCC_DYNAMIC_NO_PIC = NO;
				GCC_NO_COMMON_BLOCKS = YES;
				GCC_OPTIMIZATION_LEVEL = 0;
				GCC_PREPROCESSOR_DEFINITIONS = (
					"DEBUG=1",
					"$(inherited)",
				);
				GCC_SYMBOLS_PRIVATE_EXTERN = NO;
				GCC_WARN_64_TO_32_BIT_CONVERSION = YES;
				GCC_WARN_ABOUT_RETURN_TYPE = YES_ERROR;
				GCC_WARN_UNDECLARED_SELECTOR = YES;
				GCC_WARN_UNINITIALIZED_AUTOS = YES_AGGRESSIVE;
				GCC_WARN_UNUSED_FUNCTION = YES;
				GCC_WARN_UNUSED_VARIABLE = YES;
				IPHONEOS_DEPLOYMENT_TARGET = 8.3;
				MTL_ENABLE_DEBUG_INFO = YES;
				ONLY_ACTIVE_ARCH = YES;
				SDKROOT = iphoneos;
			};
			name = Debug;
		};
		53D0D3D61B3C89D0007A47BB /* Release */ = {
			isa = XCBuildConfiguration;
			buildSettings = {
				ALWAYS_SEARCH_USER_PATHS = NO;
				CLANG_CXX_LANGUAGE_STANDARD = "gnu++0x";
				CLANG_CXX_LIBRARY = "libc++";
				CLANG_ENABLE_MODULES = YES;
				CLANG_ENABLE_OBJC_ARC = YES;
				CLANG_WARN_BOOL_CONVERSION = YES;
				CLANG_WARN_CONSTANT_CONVERSION = YES;
				CLANG_WARN_DIRECT_OBJC_ISA_USAGE = YES_ERROR;
				CLANG_WARN_EMPTY_BODY = YES;
				CLANG_WARN_ENUM_CONVERSION = YES;
				CLANG_WARN_INT_CONVERSION = YES;
				CLANG_WARN_OBJC_ROOT_CLASS = YES_ERROR;
				CLANG_WARN_UNREACHABLE_CODE = YES;
				CLANG_WARN__DUPLICATE_METHOD_MATCH = YES;
				"CODE_SIGN_IDENTITY[sdk=iphoneos*]" = "iPhone Developer";
				COPY_PHASE_STRIP = NO;
				DEBUG_INFORMATION_FORMAT = "dwarf-with-dsym";
				ENABLE_NS_ASSERTIONS = NO;
				ENABLE_STRICT_OBJC_MSGSEND = YES;
				GCC_C_LANGUAGE_STANDARD = gnu99;
				GCC_NO_COMMON_BLOCKS = YES;
				GCC_WARN_64_TO_32_BIT_CONVERSION = YES;
				GCC_WARN_ABOUT_RETURN_TYPE = YES_ERROR;
				GCC_WARN_UNDECLARED_SELECTOR = YES;
				GCC_WARN_UNINITIALIZED_AUTOS = YES_AGGRESSIVE;
				GCC_WARN_UNUSED_FUNCTION = YES;
				GCC_WARN_UNUSED_VARIABLE = YES;
				IPHONEOS_DEPLOYMENT_TARGET = 8.3;
				MTL_ENABLE_DEBUG_INFO = NO;
				SDKROOT = iphoneos;
				VALIDATE_PRODUCT = YES;
			};
			name = Release;
		};
		53D0D3D81B3C89D0007A47BB /* Debug */ = {
			isa = XCBuildConfiguration;
			baseConfigurationReference = DAB812381C6C30D932848A30 /* Pods-polln.debug.xcconfig */;
			buildSettings = {
				ASSETCATALOG_COMPILER_APPICON_NAME = AppIcon;
				INFOPLIST_FILE = polln/Info.plist;
				LD_RUNPATH_SEARCH_PATHS = "$(inherited) @executable_path/Frameworks";
				PRODUCT_NAME = "$(TARGET_NAME)";
			};
			name = Debug;
		};
		53D0D3D91B3C89D0007A47BB /* Release */ = {
			isa = XCBuildConfiguration;
			baseConfigurationReference = 31E0A22A269CBBBE5F2DAC59 /* Pods-polln.release.xcconfig */;
			buildSettings = {
				ASSETCATALOG_COMPILER_APPICON_NAME = AppIcon;
				INFOPLIST_FILE = polln/Info.plist;
				LD_RUNPATH_SEARCH_PATHS = "$(inherited) @executable_path/Frameworks";
				PRODUCT_NAME = "$(TARGET_NAME)";
			};
			name = Release;
		};
		53D0D3DB1B3C89D0007A47BB /* Debug */ = {
			isa = XCBuildConfiguration;
			buildSettings = {
				BUNDLE_LOADER = "$(TEST_HOST)";
				FRAMEWORK_SEARCH_PATHS = (
					"$(SDKROOT)/Developer/Library/Frameworks",
					"$(inherited)",
				);
				GCC_PREPROCESSOR_DEFINITIONS = (
					"DEBUG=1",
					"$(inherited)",
				);
				INFOPLIST_FILE = pollnTests/Info.plist;
				LD_RUNPATH_SEARCH_PATHS = "$(inherited) @executable_path/Frameworks @loader_path/Frameworks";
				PRODUCT_NAME = "$(TARGET_NAME)";
				TEST_HOST = "$(BUILT_PRODUCTS_DIR)/polln.app/polln";
			};
			name = Debug;
		};
		53D0D3DC1B3C89D0007A47BB /* Release */ = {
			isa = XCBuildConfiguration;
			buildSettings = {
				BUNDLE_LOADER = "$(TEST_HOST)";
				FRAMEWORK_SEARCH_PATHS = (
					"$(SDKROOT)/Developer/Library/Frameworks",
					"$(inherited)",
				);
				INFOPLIST_FILE = pollnTests/Info.plist;
				LD_RUNPATH_SEARCH_PATHS = "$(inherited) @executable_path/Frameworks @loader_path/Frameworks";
				PRODUCT_NAME = "$(TARGET_NAME)";
				TEST_HOST = "$(BUILT_PRODUCTS_DIR)/polln.app/polln";
			};
			name = Release;
		};
/* End XCBuildConfiguration section */

/* Begin XCConfigurationList section */
		53D0D3AC1B3C89D0007A47BB /* Build configuration list for PBXProject "polln" */ = {
			isa = XCConfigurationList;
			buildConfigurations = (
				53D0D3D51B3C89D0007A47BB /* Debug */,
				53D0D3D61B3C89D0007A47BB /* Release */,
			);
			defaultConfigurationIsVisible = 0;
			defaultConfigurationName = Release;
		};
		53D0D3D71B3C89D0007A47BB /* Build configuration list for PBXNativeTarget "polln" */ = {
			isa = XCConfigurationList;
			buildConfigurations = (
				53D0D3D81B3C89D0007A47BB /* Debug */,
				53D0D3D91B3C89D0007A47BB /* Release */,
			);
			defaultConfigurationIsVisible = 0;
			defaultConfigurationName = Release;
		};
		53D0D3DA1B3C89D0007A47BB /* Build configuration list for PBXNativeTarget "pollnTests" */ = {
			isa = XCConfigurationList;
			buildConfigurations = (
				53D0D3DB1B3C89D0007A47BB /* Debug */,
				53D0D3DC1B3C89D0007A47BB /* Release */,
			);
			defaultConfigurationIsVisible = 0;
			defaultConfigurationName = Release;
		};
/* End XCConfigurationList section */

/* Begin XCVersionGroup section */
		53D0D3BB1B3C89D0007A47BB /* polln.xcdatamodeld */ = {
			isa = XCVersionGroup;
			children = (
				53D0D3BC1B3C89D0007A47BB /* polln.xcdatamodel */,
			);
			currentVersion = 53D0D3BC1B3C89D0007A47BB /* polln.xcdatamodel */;
			path = polln.xcdatamodeld;
			sourceTree = "<group>";
			versionGroupType = wrapper.xcdatamodel;
		};
/* End XCVersionGroup section */
	};
	rootObject = 53D0D3A91B3C89D0007A47BB /* Project object */;
}
